// !$*UTF8*$!
{
	archiveVersion = 1;
	classes = {
	};
	objectVersion = 77;
	objects = {

/* Begin PBXBuildFile section */
		808010E4CB0673AB3704D9E0 /* MacSweepCore.framework in Frameworks */ = {isa = PBXBuildFile; fileRef = 75D69EC395FDF95988521299 /* MacSweepCore.framework */; };
/* End PBXBuildFile section */

/* Begin PBXContainerItemProxy section */
		28352C5F3BA7369CF46581A9 /* PBXContainerItemProxy */ = {
			isa = PBXContainerItemProxy;
			containerPortal = EA0DD96A467C5000B98BB1D1 /* Project object */;
			proxyType = 1;
			remoteGlobalIDString = E2333167A6039D567D23E8EE;
			remoteInfo = MacSweepCore;
		};
/* End PBXContainerItemProxy section */

/* Begin PBXFileReference section */
		75D69EC395FDF95988521299 /* MacSweepCore.framework */ = {isa = PBXFileReference; explicitFileType = wrapper.framework; includeInIndex = 0; path = MacSweepCore.framework; sourceTree = BUILT_PRODUCTS_DIR; };
		A7826FAD254F151FEE75FBA7 /* MacSweepCLI */ = {isa = PBXFileReference; includeInIndex = 0; path = MacSweepCLI; sourceTree = BUILT_PRODUCTS_DIR; };
		E5E7FAAC9E7BE7D1A5ABEAF5 /* MacSweep.app */ = {isa = PBXFileReference; explicitFileType = wrapper.application; includeInIndex = 0; path = MacSweep.app; sourceTree = BUILT_PRODUCTS_DIR; };
/* End PBXFileReference section */

/* Begin PBXFileSystemSynchronizedRootGroup section */
		AA0000000000000000000001 /* App */ = {
			isa = PBXFileSystemSynchronizedRootGroup;
			explicitFileTypes = {
			};
			explicitFolders = (
			);
			path = App;
			sourceTree = "<group>";
		};
		AA0000000000000000000002 /* Background */ = {
			isa = PBXFileSystemSynchronizedRootGroup;
			explicitFileTypes = {
			};
			explicitFolders = (
			);
			path = Background;
			sourceTree = "<group>";
		};
		AA0000000000000000000003 /* CLI */ = {
			isa = PBXFileSystemSynchronizedRootGroup;
			explicitFileTypes = {
			};
			explicitFolders = (
			);
			path = CLI;
			sourceTree = "<group>";
		};
		AA0000000000000000000004 /* CLIKit */ = {
			isa = PBXFileSystemSynchronizedRootGroup;
			explicitFileTypes = {
			};
			explicitFolders = (
			);
			path = CLIKit;
			sourceTree = "<group>";
		};
		AA0000000000000000000005 /* Core */ = {
			isa = PBXFileSystemSynchronizedRootGroup;
			explicitFileTypes = {
			};
			explicitFolders = (
			);
			path = Core;
			sourceTree = "<group>";
		};
		AA0000000000000000000006 /* Features */ = {
			isa = PBXFileSystemSynchronizedRootGroup;
			explicitFileTypes = {
			};
			explicitFolders = (
			);
			path = Features;
			sourceTree = "<group>";
		};
		AA0000000000000000000007 /* Resources */ = {
			isa = PBXFileSystemSynchronizedRootGroup;
			explicitFileTypes = {
			};
			explicitFolders = (
			);
			path = Resources;
			sourceTree = "<group>";
		};
		AA0000000000000000000008 /* Services */ = {
			isa = PBXFileSystemSynchronizedRootGroup;
			explicitFileTypes = {
			};
			explicitFolders = (
			);
			path = Services;
			sourceTree = "<group>";
		};
/* End PBXFileSystemSynchronizedRootGroup section */

/* Begin PBXFrameworksBuildPhase section */
		C7E6A18220467A89FF74E6B6 /* Frameworks */ = {
			isa = PBXFrameworksBuildPhase;
			buildActionMask = 2147483647;
			files = (
				808010E4CB0673AB3704D9E0 /* MacSweepCore.framework in Frameworks */,
			);
			runOnlyForDeploymentPostprocessing = 0;
		};
/* End PBXFrameworksBuildPhase section */

/* Begin PBXGroup section */
		C5EB2394C8E6771356D95724 /* Sources */ = {
			isa = PBXGroup;
			children = (
				AA0000000000000000000001 /* App */,
				AA0000000000000000000002 /* Background */,
				AA0000000000000000000003 /* CLI */,
				AA0000000000000000000004 /* CLIKit */,
				AA0000000000000000000005 /* Core */,
				AA0000000000000000000006 /* Features */,
				AA0000000000000000000007 /* Resources */,
				AA0000000000000000000008 /* Services */,
			);
			path = Sources;
			sourceTree = "<group>";
		};
		D05E3FC297D4EE417D466CE9 = {
			isa = PBXGroup;
			children = (
				C5EB2394C8E6771356D95724 /* Sources */,
				F707815E5D63601C3AB1F204 /* Products */,
			);
			sourceTree = "<group>";
		};
		F707815E5D63601C3AB1F204 /* Products */ = {
			isa = PBXGroup;
			children = (
				E5E7FAAC9E7BE7D1A5ABEAF5 /* MacSweep.app */,
				A7826FAD254F151FEE75FBA7 /* MacSweepCLI */,
				75D69EC395FDF95988521299 /* MacSweepCore.framework */,
			);
			name = Products;
			sourceTree = "<group>";
		};
/* End PBXGroup section */

/* Begin PBXNativeTarget section */
		3A489B5429A55015C32FF518 /* MacSweep */ = {
			isa = PBXNativeTarget;
			buildConfigurationList = D0D1BA2797585E20D75D3F2D /* Build configuration list for PBXNativeTarget "MacSweep" */;
			buildPhases = (
				4D17E5002B7A397948873882 /* Sources */,
				CB4F605D116263252299690B /* Resources */,
			);
			buildRules = (
			);
			dependencies = (
			);
			fileSystemSynchronizedGroups = (
				AA0000000000000000000001 /* App */,
				AA0000000000000000000002 /* Background */,
				AA0000000000000000000005 /* Core */,
				AA0000000000000000000006 /* Features */,
				AA0000000000000000000007 /* Resources */,
				AA0000000000000000000008 /* Services */,
			);
			name = MacSweep;
			packageProductDependencies = (
			);
			productName = MacSweep;
			productReference = E5E7FAAC9E7BE7D1A5ABEAF5 /* MacSweep.app */;
			productType = "com.apple.product-type.application";
		};
		B2331531AC8CA89C24EC01FB /* MacSweepCLI */ = {
			isa = PBXNativeTarget;
			buildConfigurationList = 5DFDC7421D608A26DF2EB152 /* Build configuration list for PBXNativeTarget "MacSweepCLI" */;
			buildPhases = (
				87E6992B47DE45E27E69B646 /* Sources */,
				C7E6A18220467A89FF74E6B6 /* Frameworks */,
			);
			buildRules = (
			);
			dependencies = (
				19ABCB9E81411D87350E3A12 /* PBXTargetDependency */,
			);
			fileSystemSynchronizedGroups = (
				AA0000000000000000000003 /* CLI */,
				AA0000000000000000000004 /* CLIKit */,
			);
			name = MacSweepCLI;
			packageProductDependencies = (
			);
			productName = MacSweepCLI;
			productReference = A7826FAD254F151FEE75FBA7 /* MacSweepCLI */;
			productType = "com.apple.product-type.tool";
		};
		E2333167A6039D567D23E8EE /* MacSweepCore */ = {
			isa = PBXNativeTarget;
			buildConfigurationList = 1BB00DD19152C999930AFAC9 /* Build configuration list for PBXNativeTarget "MacSweepCore" */;
			buildPhases = (
				6BC7DC6CB57BB7BF3DCC83B6 /* Sources */,
			);
			buildRules = (
			);
			dependencies = (
			);
			fileSystemSynchronizedGroups = (
				AA0000000000000000000005 /* Core */,
			);
			name = MacSweepCore;
			packageProductDependencies = (
			);
			productName = MacSweepCore;
			productReference = 75D69EC395FDF95988521299 /* MacSweepCore.framework */;
			productType = "com.apple.product-type.framework";
		};
/* End PBXNativeTarget section */

/* Begin PBXProject section */
		EA0DD96A467C5000B98BB1D1 /* Project object */ = {
			isa = PBXProject;
			attributes = {
				BuildIndependentTargetsInParallel = YES;
				LastUpgradeCheck = 1430;
				TargetAttributes = {
					3A489B5429A55015C32FF518 = {
						ProvisioningStyle = Automatic;
					};
					B2331531AC8CA89C24EC01FB = {
						ProvisioningStyle = Automatic;
					};
					E2333167A6039D567D23E8EE = {
						ProvisioningStyle = Automatic;
					};
				};
			};
			buildConfigurationList = 456383CEE83FDE8221223958 /* Build configuration list for PBXProject "MacSweep" */;
			developmentRegion = en;
			hasScannedForEncodings = 0;
			knownRegions = (
				Base,
				en,
			);
			mainGroup = D05E3FC297D4EE417D466CE9;
			minimizedProjectReferenceProxies = 1;
			preferredProjectObjectVersion = 77;
			productRefGroup = F707815E5D63601C3AB1F204 /* Products */;
			projectDirPath = "";
			projectRoot = "";
			targets = (
				3A489B5429A55015C32FF518 /* MacSweep */,
				B2331531AC8CA89C24EC01FB /* MacSweepCLI */,
				E2333167A6039D567D23E8EE /* MacSweepCore */,
			);
		};
/* End PBXProject section */

/* Begin PBXResourcesBuildPhase section */
		CB4F605D116263252299690B /* Resources */ = {
			isa = PBXResourcesBuildPhase;
			buildActionMask = 2147483647;
			files = (
			);
			runOnlyForDeploymentPostprocessing = 0;
		};
/* End PBXResourcesBuildPhase section */

/* Begin PBXSourcesBuildPhase section */
		4D17E5002B7A397948873882 /* Sources */ = {
			isa = PBXSourcesBuildPhase;
			buildActionMask = 2147483647;
			files = (
			);
			runOnlyForDeploymentPostprocessing = 0;
		};
		6BC7DC6CB57BB7BF3DCC83B6 /* Sources */ = {
			isa = PBXSourcesBuildPhase;
			buildActionMask = 2147483647;
			files = (
			);
			runOnlyForDeploymentPostprocessing = 0;
		};
		87E6992B47DE45E27E69B646 /* Sources */ = {
			isa = PBXSourcesBuildPhase;
			buildActionMask = 2147483647;
			files = (
			);
			runOnlyForDeploymentPostprocessing = 0;
		};
/* End PBXSourcesBuildPhase section */

/* Begin PBXTargetDependency section */
		19ABCB9E81411D87350E3A12 /* PBXTargetDependency */ = {
			isa = PBXTargetDependency;
			target = E2333167A6039D567D23E8EE /* MacSweepCore */;
			targetProxy = 28352C5F3BA7369CF46581A9 /* PBXContainerItemProxy */;
		};
/* End PBXTargetDependency section */

/* Begin XCBuildConfiguration section */
		26ABCF7BCD0B724188F1714D /* Debug */ = {
			isa = XCBuildConfiguration;
			buildSettings = {
				CODE_SIGN_IDENTITY = "";
				COMBINE_HIDPI_IMAGES = YES;
				CURRENT_PROJECT_VERSION = 1;
				DEFINES_MODULE = YES;
				DYLIB_COMPATIBILITY_VERSION = 1;
				DYLIB_CURRENT_VERSION = 1;
				DYLIB_INSTALL_NAME_BASE = "@rpath";
				INSTALL_PATH = "$(LOCAL_LIBRARY_DIR)/Frameworks";
				LD_RUNPATH_SEARCH_PATHS = (
					"$(inherited)",
					"@executable_path/../Frameworks",
				);
				MACOSX_DEPLOYMENT_TARGET = 26.0;
				PRODUCT_BUNDLE_IDENTIFIER = dev.macsweep.core;
				SDKROOT = macosx;
				SKIP_INSTALL = YES;
				SWIFT_VERSION = 5.9;
				VERSIONING_SYSTEM = "apple-generic";
			};
			name = Debug;
		};
		5DDBBF96DD814ABAF8D81FC4 /* Debug */ = {
			isa = XCBuildConfiguration;
			buildSettings = {
				ALWAYS_SEARCH_USER_PATHS = NO;
				CLANG_ANALYZER_NONNULL = YES;
				CLANG_ANALYZER_NUMBER_OBJECT_CONVERSION = YES_AGGRESSIVE;
				CLANG_CXX_LANGUAGE_STANDARD = "gnu++14";
				CLANG_CXX_LIBRARY = "libc++";
				CLANG_ENABLE_MODULES = YES;
				CLANG_ENABLE_OBJC_ARC = YES;
				CLANG_ENABLE_OBJC_WEAK = YES;
				CLANG_WARN_BLOCK_CAPTURE_AUTORELEASING = YES;
				CLANG_WARN_BOOL_CONVERSION = YES;
				CLANG_WARN_COMMA = YES;
				CLANG_WARN_CONSTANT_CONVERSION = YES;
				CLANG_WARN_DEPRECATED_OBJC_IMPLEMENTATIONS = YES;
				CLANG_WARN_DIRECT_OBJC_ISA_USAGE = YES_ERROR;
				CLANG_WARN_DOCUMENTATION_COMMENTS = YES;
				CLANG_WARN_EMPTY_BODY = YES;
				CLANG_WARN_ENUM_CONVERSION = YES;
				CLANG_WARN_INFINITE_RECURSION = YES;
				CLANG_WARN_INT_CONVERSION = YES;
				CLANG_WARN_NON_LITERAL_NULL_CONVERSION = YES;
				CLANG_WARN_OBJC_IMPLICIT_RETAIN_SELF = YES;
				CLANG_WARN_OBJC_LITERAL_CONVERSION = YES;
				CLANG_WARN_OBJC_ROOT_CLASS = YES_ERROR;
				CLANG_WARN_QUOTED_INCLUDE_IN_FRAMEWORK_HEADER = YES;
				CLANG_WARN_RANGE_LOOP_ANALYSIS = YES;
				CLANG_WARN_STRICT_PROTOTYPES = YES;
				CLANG_WARN_SUSPICIOUS_MOVE = YES;
				CLANG_WARN_UNGUARDED_AVAILABILITY = YES_AGGRESSIVE;
				CLANG_WARN_UNREACHABLE_CODE = YES;
				CLANG_WARN__DUPLICATE_METHOD_MATCH = YES;
				CODE_SIGN_STYLE = Automatic;
				COPY_PHASE_STRIP = NO;
				CURRENT_PROJECT_VERSION = 1;
				DEBUG_INFORMATION_FORMAT = dwarf;
				ENABLE_HARDENED_RUNTIME = YES;
				ENABLE_STRICT_OBJC_MSGSEND = YES;
				ENABLE_TESTABILITY = YES;
				GCC_C_LANGUAGE_STANDARD = gnu11;
				GCC_DYNAMIC_NO_PIC = NO;
				GCC_NO_COMMON_BLOCKS = YES;
				GCC_OPTIMIZATION_LEVEL = 0;
				GCC_PREPROCESSOR_DEFINITIONS = (
					"$(inherited)",
					"DEBUG=1",
				);
				GCC_WARN_64_TO_32_BIT_CONVERSION = YES;
				GCC_WARN_ABOUT_RETURN_TYPE = YES_ERROR;
				GCC_WARN_UNDECLARED_SELECTOR = YES;
				GCC_WARN_UNINITIALIZED_AUTOS = YES_AGGRESSIVE;
				GCC_WARN_UNUSED_FUNCTION = YES;
				GCC_WARN_UNUSED_VARIABLE = YES;
				MACOSX_DEPLOYMENT_TARGET = 26.0;
				MARKETING_VERSION = 1.0.8;
				MTL_ENABLE_DEBUG_INFO = INCLUDE_SOURCE;
				MTL_FAST_MATH = YES;
				ONLY_ACTIVE_ARCH = YES;
				PRODUCT_NAME = "$(TARGET_NAME)";
				SDKROOT = macosx;
				SWIFT_ACTIVE_COMPILATION_CONDITIONS = DEBUG;
				SWIFT_OPTIMIZATION_LEVEL = "-Onone";
				SWIFT_VERSION = 5.0;
			};
			name = Debug;
		};
		6298B50506654000F2D47AA2 /* Debug */ = {
			isa = XCBuildConfiguration;
			buildSettings = {
				COMBINE_HIDPI_IMAGES = YES;
				LD_RUNPATH_SEARCH_PATHS = (
					"$(inherited)",
					"@executable_path/../Frameworks",
				);
				MACOSX_DEPLOYMENT_TARGET = 26.0;
				PRODUCT_BUNDLE_IDENTIFIER = dev.macsweep.cli;
				PRODUCT_NAME = macsweep;
				SDKROOT = macosx;
				SWIFT_VERSION = 5.9;
			};
			name = Debug;
		};
		78E59F3F7D67D935167FD4F3 /* Release */ = {
			isa = XCBuildConfiguration;
			buildSettings = {
				ALWAYS_SEARCH_USER_PATHS = NO;
				CLANG_ANALYZER_NONNULL = YES;
				CLANG_ANALYZER_NUMBER_OBJECT_CONVERSION = YES_AGGRESSIVE;
				CLANG_CXX_LANGUAGE_STANDARD = "gnu++14";
				CLANG_CXX_LIBRARY = "libc++";
				CLANG_ENABLE_MODULES = YES;
				CLANG_ENABLE_OBJC_ARC = YES;
				CLANG_ENABLE_OBJC_WEAK = YES;
				CLANG_WARN_BLOCK_CAPTURE_AUTORELEASING = YES;
				CLANG_WARN_BOOL_CONVERSION = YES;
				CLANG_WARN_COMMA = YES;
				CLANG_WARN_CONSTANT_CONVERSION = YES;
				CLANG_WARN_DEPRECATED_OBJC_IMPLEMENTATIONS = YES;
				CLANG_WARN_DIRECT_OBJC_ISA_USAGE = YES_ERROR;
				CLANG_WARN_DOCUMENTATION_COMMENTS = YES;
				CLANG_WARN_EMPTY_BODY = YES;
				CLANG_WARN_ENUM_CONVERSION = YES;
				CLANG_WARN_INFINITE_RECURSION = YES;
				CLANG_WARN_INT_CONVERSION = YES;
				CLANG_WARN_NON_LITERAL_NULL_CONVERSION = YES;
				CLANG_WARN_OBJC_IMPLICIT_RETAIN_SELF = YES;
				CLANG_WARN_OBJC_LITERAL_CONVERSION = YES;
				CLANG_WARN_OBJC_ROOT_CLASS = YES_ERROR;
				CLANG_WARN_QUOTED_INCLUDE_IN_FRAMEWORK_HEADER = YES;
				CLANG_WARN_RANGE_LOOP_ANALYSIS = YES;
				CLANG_WARN_STRICT_PROTOTYPES = YES;
				CLANG_WARN_SUSPICIOUS_MOVE = YES;
				CLANG_WARN_UNGUARDED_AVAILABILITY = YES_AGGRESSIVE;
				CLANG_WARN_UNREACHABLE_CODE = YES;
				CLANG_WARN__DUPLICATE_METHOD_MATCH = YES;
				CODE_SIGN_STYLE = Automatic;
				COPY_PHASE_STRIP = NO;
				CURRENT_PROJECT_VERSION = 1;
				DEBUG_INFORMATION_FORMAT = "dwarf-with-dsym";
				ENABLE_HARDENED_RUNTIME = YES;
				ENABLE_NS_ASSERTIONS = NO;
				ENABLE_STRICT_OBJC_MSGSEND = YES;
				GCC_C_LANGUAGE_STANDARD = gnu11;
				GCC_NO_COMMON_BLOCKS = YES;
				GCC_WARN_64_TO_32_BIT_CONVERSION = YES;
				GCC_WARN_ABOUT_RETURN_TYPE = YES_ERROR;
				GCC_WARN_UNDECLARED_SELECTOR = YES;
				GCC_WARN_UNINITIALIZED_AUTOS = YES_AGGRESSIVE;
				GCC_WARN_UNUSED_FUNCTION = YES;
				GCC_WARN_UNUSED_VARIABLE = YES;
				MACOSX_DEPLOYMENT_TARGET = 26.0;
				MARKETING_VERSION = 1.0.8;
				MTL_ENABLE_DEBUG_INFO = NO;
				MTL_FAST_MATH = YES;
				PRODUCT_NAME = "$(TARGET_NAME)";
				SDKROOT = macosx;
				SWIFT_COMPILATION_MODE = wholemodule;
				SWIFT_OPTIMIZATION_LEVEL = "-O";
				SWIFT_VERSION = 5.0;
			};
			name = Release;
		};
		D528ABA88611CBE9C4F12353 /* Release */ = {
			isa = XCBuildConfiguration;
			buildSettings = {
				CODE_SIGN_IDENTITY = "";
				COMBINE_HIDPI_IMAGES = YES;
				CURRENT_PROJECT_VERSION = 1;
				DEFINES_MODULE = YES;
				DYLIB_COMPATIBILITY_VERSION = 1;
				DYLIB_CURRENT_VERSION = 1;
				DYLIB_INSTALL_NAME_BASE = "@rpath";
				INSTALL_PATH = "$(LOCAL_LIBRARY_DIR)/Frameworks";
				LD_RUNPATH_SEARCH_PATHS = (
					"$(inherited)",
					"@executable_path/../Frameworks",
				);
				MACOSX_DEPLOYMENT_TARGET = 26.0;
				PRODUCT_BUNDLE_IDENTIFIER = dev.macsweep.core;
				SDKROOT = macosx;
				SKIP_INSTALL = YES;
				SWIFT_VERSION = 5.9;
				VERSIONING_SYSTEM = "apple-generic";
			};
			name = Release;
		};
		D5AC2088212079AF57F4F818 /* Debug */ = {
			isa = XCBuildConfiguration;
			buildSettings = {
				ASSETCATALOG_COMPILER_APPICON_NAME = AppIcon;
				CODE_SIGN_ENTITLEMENTS = MacSweep.entitlements;
				COMBINE_HIDPI_IMAGES = YES;
				ENABLE_APP_SANDBOX = NO;
				ENABLE_HARDENED_RUNTIME = YES;
				GENERATE_INFOPLIST_FILE = YES;
				INFOPLIST_FILE = Info.plist;
				INFOPLIST_GENERATION_MODE = GeneratedFile;
				INFOPLIST_KEY_CFBundleDisplayName = macsweep.dev;
				INFOPLIST_KEY_LSApplicationCategoryType = "public.app-category.utilities";
				INFOPLIST_KEY_NSHumanReadableCopyright = "Copyright © 2026 macsweep.dev. All rights reserved.";
				LD_RUNPATH_SEARCH_PATHS = (
					"$(inherited)",
					"@executable_path/../Frameworks",
				);
				MACOSX_DEPLOYMENT_TARGET = 26.0;
				PRODUCT_BUNDLE_IDENTIFIER = dev.macsweep.app;
				PRODUCT_NAME = macsweep.dev;
				SDKROOT = macosx;
				SWIFT_VERSION = 5.9;
			};
			name = Debug;
		};
		DC49CD06306CABAFFB3CB99E /* Release */ = {
			isa = XCBuildConfiguration;
			buildSettings = {
				COMBINE_HIDPI_IMAGES = YES;
				LD_RUNPATH_SEARCH_PATHS = (
					"$(inherited)",
					"@executable_path/../Frameworks",
				);
				MACOSX_DEPLOYMENT_TARGET = 26.0;
				PRODUCT_BUNDLE_IDENTIFIER = dev.macsweep.cli;
				PRODUCT_NAME = macsweep;
				SDKROOT = macosx;
				SWIFT_VERSION = 5.9;
			};
			name = Release;
		};
		F7DED16864F6535D9C186443 /* Release */ = {
			isa = XCBuildConfiguration;
			buildSettings = {
				ASSETCATALOG_COMPILER_APPICON_NAME = AppIcon;
				CODE_SIGN_ENTITLEMENTS = MacSweep.entitlements;
				CODE_SIGN_INJECT_BASE_ENTITLEMENTS = NO;
				COMBINE_HIDPI_IMAGES = YES;
				ENABLE_APP_SANDBOX = NO;
				ENABLE_HARDENED_RUNTIME = YES;
				GENERATE_INFOPLIST_FILE = YES;
				INFOPLIST_FILE = Info.plist;
				INFOPLIST_GENERATION_MODE = GeneratedFile;
				INFOPLIST_KEY_CFBundleDisplayName = macsweep.dev;
				INFOPLIST_KEY_LSApplicationCategoryType = "public.app-category.utilities";
				INFOPLIST_KEY_NSHumanReadableCopyright = "Copyright © 2026 macsweep.dev. All rights reserved.";
				LD_RUNPATH_SEARCH_PATHS = (
					"$(inherited)",
					"@executable_path/../Frameworks",
				);
				MACOSX_DEPLOYMENT_TARGET = 26.0;
				PRODUCT_BUNDLE_IDENTIFIER = dev.macsweep.app;
				PRODUCT_NAME = macsweep.dev;
				SDKROOT = macosx;
				SWIFT_VERSION = 5.9;
			};
			name = Release;
		};
/* End XCBuildConfiguration section */

/* Begin XCConfigurationList section */
		1BB00DD19152C999930AFAC9 /* Build configuration list for PBXNativeTarget "MacSweepCore" */ = {
			isa = XCConfigurationList;
			buildConfigurations = (
				26ABCF7BCD0B724188F1714D /* Debug */,
				D528ABA88611CBE9C4F12353 /* Release */,
			);
			defaultConfigurationIsVisible = 0;
			defaultConfigurationName = Debug;
		};
		456383CEE83FDE8221223958 /* Build configuration list for PBXProject "MacSweep" */ = {
			isa = XCConfigurationList;
			buildConfigurations = (
				5DDBBF96DD814ABAF8D81FC4 /* Debug */,
				78E59F3F7D67D935167FD4F3 /* Release */,
			);
			defaultConfigurationIsVisible = 0;
			defaultConfigurationName = Debug;
		};
		5DFDC7421D608A26DF2EB152 /* Build configuration list for PBXNativeTarget "MacSweepCLI" */ = {
			isa = XCConfigurationList;
			buildConfigurations = (
				6298B50506654000F2D47AA2 /* Debug */,
				DC49CD06306CABAFFB3CB99E /* Release */,
			);
			defaultConfigurationIsVisible = 0;
			defaultConfigurationName = Debug;
		};
		D0D1BA2797585E20D75D3F2D /* Build configuration list for PBXNativeTarget "MacSweep" */ = {
			isa = XCConfigurationList;
			buildConfigurations = (
				D5AC2088212079AF57F4F818 /* Debug */,
				F7DED16864F6535D9C186443 /* Release */,
			);
			defaultConfigurationIsVisible = 0;
			defaultConfigurationName = Debug;
		};
/* End XCConfigurationList section */
	};
	rootObject = EA0DD96A467C5000B98BB1D1 /* Project object */;
}
